Microsoft Visual Studio Solution File, Format Version 12.00
# Visual Studio Version 17
VisualStudioVersion = 17.5.2.0
MinimumVisualStudioVersion = 10.0.40219.1
Project("{FAE04EC0-301F-11D3-BF4B-00C04F79EFBC}") = "RpgRooms.Core", "RpgRooms.Core\RpgRooms.Core.csproj", "{C95D8A4F-B44E-110B-71DB-29A9A8084D6B}"
EndProject
Project("{FAE04EC0-301F-11D3-BF4B-00C04F79EFBC}") = "RpgRooms.Infrastructure", "RpgRooms.Infrastructure\RpgRooms.Infrastructure.csproj", "{5903A80D-5BCA-1BBD-6905-F6A8636CAF27}"
EndProject
Project("{FAE04EC0-301F-11D3-BF4B-00C04F79EFBC}") = "RpgRooms.Tests", "RpgRooms.Tests\RpgRooms.Tests.csproj", "{62DB4760-BDE7-F79E-ABAE-AB0AF6B0605A}"
EndProject
Project("{FAE04EC0-301F-11D3-BF4B-00C04F79EFBC}") = "RpgRooms.Web", "RpgRooms.Web\RpgRooms.Web.csproj", "{C1F000C7-42FF-745B-7B11-7BBF120402FA}"
EndProject
Global
	GlobalSection(SolutionConfigurationPlatforms) = preSolution
		Debug|Any CPU = Debug|Any CPU
		Release|Any CPU = Release|Any CPU
	EndGlobalSection
	GlobalSection(ProjectConfigurationPlatforms) = postSolution
		{C95D8A4F-B44E-110B-71DB-29A9A8084D6B}.Debug|Any CPU.ActiveCfg = Debug|Any CPU
		{C95D8A4F-B44E-110B-71DB-29A9A8084D6B}.Debug|Any CPU.Build.0 = Debug|Any CPU
		{C95D8A4F-B44E-110B-71DB-29A9A8084D6B}.Release|Any CPU.ActiveCfg = Release|Any CPU
		{C95D8A4F-B44E-110B-71DB-29A9A8084D6B}.Release|Any CPU.Build.0 = Release|Any CPU
		{5903A80D-5BCA-1BBD-6905-F6A8636CAF27}.Debug|Any CPU.ActiveCfg = Debug|Any CPU
		{5903A80D-5BCA-1BBD-6905-F6A8636CAF27}.Debug|Any CPU.Build.0 = Debug|Any CPU
		{5903A80D-5BCA-1BBD-6905-F6A8636CAF27}.Release|Any CPU.ActiveCfg = Release|Any CPU
		{5903A80D-5BCA-1BBD-6905-F6A8636CAF27}.Release|Any CPU.Build.0 = Release|Any CPU
		{62DB4760-BDE7-F79E-ABAE-AB0AF6B0605A}.Debug|Any CPU.ActiveCfg = Debug|Any CPU
		{62DB4760-BDE7-F79E-ABAE-AB0AF6B0605A}.Debug|Any CPU.Build.0 = Debug|Any CPU
		{62DB4760-BDE7-F79E-ABAE-AB0AF6B0605A}.Release|Any CPU.ActiveCfg = Release|Any CPU
		{62DB4760-BDE7-F79E-ABAE-AB0AF6B0605A}.Release|Any CPU.Build.0 = Release|Any CPU
		{C1F000C7-42FF-745B-7B11-7BBF120402FA}.Debug|Any CPU.ActiveCfg = Debug|Any CPU
		{C1F000C7-42FF-745B-7B11-7BBF120402FA}.Debug|Any CPU.Build.0 = Debug|Any CPU
		{C1F000C7-42FF-745B-7B11-7BBF120402FA}.Release|Any CPU.ActiveCfg = Release|Any CPU
		{C1F000C7-42FF-745B-7B11-7BBF120402FA}.Release|Any CPU.Build.0 = Release|Any CPU
	EndGlobalSection
	GlobalSection(SolutionProperties) = preSolution
		HideSolutionNode = FALSE
	EndGlobalSection
	GlobalSection(ExtensibilityGlobals) = postSolution
		SolutionGuid = {4F3A8266-CD40-4A44-BA93-8F8C1D840DFA}
	EndGlobalSection
EndGlobal
